
Microsoft Visual Studio Solution File, Format Version 12.00
# Visual Studio Version 16
VisualStudioVersion = 16.0.29806.167
MinimumVisualStudioVersion = 10.0.40219.1
Project("{8BC9CEB8-8B4A-11D0-8D11-00A0C91BC942}") = "LZ77", "LZ77\LZ77.vcxproj", "{6FA5FDD0-3F7E-4F69-AB9D-10DCBBA4A917}"
EndProject
Global
	GlobalSection(SolutionConfigurationPlatforms) = preSolution
		Debug|x64 = Debug|x64
		Debug|x86 = Debug|x86
		Release|x64 = Release|x64
		Release|x86 = Release|x86
	EndGlobalSection
	GlobalSection(ProjectConfigurationPlatforms) = postSolution
		{6FA5FDD0-3F7E-4F69-AB9D-10DCBBA4A917}.Debug|x64.ActiveCfg = Debug|x64
		{6FA5FDD0-3F7E-4F69-AB9D-10DCBBA4A917}.Debug|x64.Build.0 = Debug|x64
		{6FA5FDD0-3F7E-4F69-AB9D-10DCBBA4A917}.Debug|x86.ActiveCfg = Debug|Win32
		{6FA5FDD0-3F7E-4F69-AB9D-10DCBBA4A917}.Debug|x86.Build.0 = Debug|Win32
		{6FA5FDD0-3F7E-4F69-AB9D-10DCBBA4A917}.Release|x64.ActiveCfg = Release|x64
		{6FA5FDD0-3F7E-4F69-AB9D-10DCBBA4A917}.Release|x64.Build.0 = Release|x64
		{6FA5FDD0-3F7E-4F69-AB9D-10DCBBA4A917}.Release|x86.ActiveCfg = Release|Win32
		{6FA5FDD0-3F7E-4F69-AB9D-10DCBBA4A917}.Release|x86.Build.0 = Release|Win32
	EndGlobalSection
	GlobalSection(SolutionProperties) = preSolution
		HideSolutionNode = FALSE
	EndGlobalSection
	GlobalSection(ExtensibilityGlobals) = postSolution
		SolutionGuid = {4E749D1E-B461-4A1B-B5FC-63AB7B0A7ED5}
	EndGlobalSection
EndGlobal
